
Microsoft Visual Studio Solution File, Format Version 12.00
# Visual Studio 15
VisualStudioVersion = 15.0.28307.489
MinimumVisualStudioVersion = 10.0.40219.1
Project("{FAE04EC0-301F-11D3-BF4B-00C04F79EFBC}") = "MyDIContainer", "MyDIContainer\MyDIContainer.csproj", "{5F0B2A6B-4776-4766-B9BB-1F8C6EE94585}"
EndProject
Project("{9A19103F-16F7-4668-BE54-9A1E7A4F7556}") = "MyDIContainer.Tests", "MyDIContainer.Tests\MyDIContainer.Tests.csproj", "{B88FFED9-3869-4E56-8CE4-74659C6FFEA4}"
EndProject
Global
	GlobalSection(SolutionConfigurationPlatforms) = preSolution
		Debug|Any CPU = Debug|Any CPU
		Release|Any CPU = Release|Any CPU
	EndGlobalSection
	GlobalSection(ProjectConfigurationPlatforms) = postSolution
		{5F0B2A6B-4776-4766-B9BB-1F8C6EE94585}.Debug|Any CPU.ActiveCfg = Debug|Any CPU
		{5F0B2A6B-4776-4766-B9BB-1F8C6EE94585}.Debug|Any CPU.Build.0 = Debug|Any CPU
		{5F0B2A6B-4776-4766-B9BB-1F8C6EE94585}.Release|Any CPU.ActiveCfg = Release|Any CPU
		{5F0B2A6B-4776-4766-B9BB-1F8C6EE94585}.Release|Any CPU.Build.0 = Release|Any CPU
		{B88FFED9-3869-4E56-8CE4-74659C6FFEA4}.Debug|Any CPU.ActiveCfg = Debug|Any CPU
		{B88FFED9-3869-4E56-8CE4-74659C6FFEA4}.Debug|Any CPU.Build.0 = Debug|Any CPU
		{B88FFED9-3869-4E56-8CE4-74659C6FFEA4}.Release|Any CPU.ActiveCfg = Release|Any CPU
		{B88FFED9-3869-4E56-8CE4-74659C6FFEA4}.Release|Any CPU.Build.0 = Release|Any CPU
	EndGlobalSection
	GlobalSection(SolutionProperties) = preSolution
		HideSolutionNode = FALSE
	EndGlobalSection
	GlobalSection(ExtensibilityGlobals) = postSolution
		SolutionGuid = {93A9B5F3-CCA1-4CF6-97D9-D2CABD8C0310}
	EndGlobalSection
EndGlobal
